
Microsoft Visual Studio Solution File, Format Version 12.00
# Visual Studio Version 16
VisualStudioVersion = 16.0.31702.278
MinimumVisualStudioVersion = 10.0.40219.1
Project("{FAE04EC0-301F-11D3-BF4B-00C04F79EFBC}") = "PlaneShare", "PlaneShare\PlaneShare.csproj", "{74891F06-1ADC-462D-99BB-ACA1B15ACED5}"
EndProject
Project("{FAE04EC0-301F-11D3-BF4B-00C04F79EFBC}") = "PlaneServer", "PlaneServer\PlaneServer.csproj", "{A718026B-90E3-4A9D-B691-BE8334925DD9}"
EndProject
Project("{FAE04EC0-301F-11D3-BF4B-00C04F79EFBC}") = "PlaneClient", "..\PlaneClient\PlaneClient.csproj", "{45AD61C9-0A3D-4780-8B8E-2A0B37C428DE}"
EndProject
Global
	GlobalSection(SolutionConfigurationPlatforms) = preSolution
		Debug|Any CPU = Debug|Any CPU
		Release|Any CPU = Release|Any CPU
	EndGlobalSection
	GlobalSection(ProjectConfigurationPlatforms) = postSolution
		{74891F06-1ADC-462D-99BB-ACA1B15ACED5}.Debug|Any CPU.ActiveCfg = Debug|Any CPU
		{74891F06-1ADC-462D-99BB-ACA1B15ACED5}.Debug|Any CPU.Build.0 = Debug|Any CPU
		{74891F06-1ADC-462D-99BB-ACA1B15ACED5}.Release|Any CPU.ActiveCfg = Release|Any CPU
		{74891F06-1ADC-462D-99BB-ACA1B15ACED5}.Release|Any CPU.Build.0 = Release|Any CPU
		{A718026B-90E3-4A9D-B691-BE8334925DD9}.Debug|Any CPU.ActiveCfg = Debug|Any CPU
		{A718026B-90E3-4A9D-B691-BE8334925DD9}.Debug|Any CPU.Build.0 = Debug|Any CPU
		{A718026B-90E3-4A9D-B691-BE8334925DD9}.Release|Any CPU.ActiveCfg = Release|Any CPU
		{A718026B-90E3-4A9D-B691-BE8334925DD9}.Release|Any CPU.Build.0 = Release|Any CPU
		{45AD61C9-0A3D-4780-8B8E-2A0B37C428DE}.Debug|Any CPU.ActiveCfg = Debug|Any CPU
		{45AD61C9-0A3D-4780-8B8E-2A0B37C428DE}.Debug|Any CPU.Build.0 = Debug|Any CPU
		{45AD61C9-0A3D-4780-8B8E-2A0B37C428DE}.Release|Any CPU.ActiveCfg = Release|Any CPU
		{45AD61C9-0A3D-4780-8B8E-2A0B37C428DE}.Release|Any CPU.Build.0 = Release|Any CPU
	EndGlobalSection
	GlobalSection(SolutionProperties) = preSolution
		HideSolutionNode = FALSE
	EndGlobalSection
	GlobalSection(ExtensibilityGlobals) = postSolution
		SolutionGuid = {34F71224-ADCE-490A-8BB4-E7839474AED5}
	EndGlobalSection
EndGlobal
